
Microsoft Visual Studio Solution File, Format Version 12.00
# Visual Studio 14
VisualStudioVersion = 14.0.25420.1
MinimumVisualStudioVersion = 10.0.40219.1
Project("{FAE04EC0-301F-11D3-BF4B-00C04F79EFBC}") = "Lhg.SoccerVirtual.Api", "Lhg.SoccerVirtual.Api\Lhg.SoccerVirtual.Api.csproj", "{7BEB81C3-2A44-4834-AB5A-C2B3106F1007}"
EndProject
Project("{FAE04EC0-301F-11D3-BF4B-00C04F79EFBC}") = "Lhg.SoccerVirtual.Api.Tests", "Lhg.SoccerVirtual.Api.Tests\Lhg.SoccerVirtual.Api.Tests.csproj", "{0FE8F418-FCAC-4A71-8C23-14188F92FFBB}"
EndProject
Global
	GlobalSection(SolutionConfigurationPlatforms) = preSolution
		Debug|Any CPU = Debug|Any CPU
		Release|Any CPU = Release|Any CPU
	EndGlobalSection
	GlobalSection(ProjectConfigurationPlatforms) = postSolution
		{7BEB81C3-2A44-4834-AB5A-C2B3106F1007}.Debug|Any CPU.ActiveCfg = Debug|Any CPU
		{7BEB81C3-2A44-4834-AB5A-C2B3106F1007}.Debug|Any CPU.Build.0 = Debug|Any CPU
		{7BEB81C3-2A44-4834-AB5A-C2B3106F1007}.Release|Any CPU.ActiveCfg = Release|Any CPU
		{7BEB81C3-2A44-4834-AB5A-C2B3106F1007}.Release|Any CPU.Build.0 = Release|Any CPU
		{0FE8F418-FCAC-4A71-8C23-14188F92FFBB}.Debug|Any CPU.ActiveCfg = Debug|Any CPU
		{0FE8F418-FCAC-4A71-8C23-14188F92FFBB}.Debug|Any CPU.Build.0 = Debug|Any CPU
		{0FE8F418-FCAC-4A71-8C23-14188F92FFBB}.Release|Any CPU.ActiveCfg = Release|Any CPU
		{0FE8F418-FCAC-4A71-8C23-14188F92FFBB}.Release|Any CPU.Build.0 = Release|Any CPU
	EndGlobalSection
	GlobalSection(SolutionProperties) = preSolution
		HideSolutionNode = FALSE
	EndGlobalSection
EndGlobal
